// !$*UTF8*$!
{
	archiveVersion = 1;
	classes = {
	};
	objectVersion = 48;
	objects = {

/* Begin PBXBuildFile section */
		821BE7D42075766E001A7D7C /* MainViewViewController.swift in Sources */ = {isa = PBXBuildFile; fileRef = 821BE7D32075766E001A7D7C /* MainViewViewController.swift */; };
		82680F39206C91C000A1277F /* AppDelegate.swift in Sources */ = {isa = PBXBuildFile; fileRef = 82680F38206C91C000A1277F /* AppDelegate.swift */; };
		82680F3E206C91C000A1277F /* Main.storyboard in Resources */ = {isa = PBXBuildFile; fileRef = 82680F3C206C91C000A1277F /* Main.storyboard */; };
		82680F40206C91C000A1277F /* Assets.xcassets in Resources */ = {isa = PBXBuildFile; fileRef = 82680F3F206C91C000A1277F /* Assets.xcassets */; };
		82680F43206C91C000A1277F /* LaunchScreen.storyboard in Resources */ = {isa = PBXBuildFile; fileRef = 82680F41206C91C000A1277F /* LaunchScreen.storyboard */; };
		82680F4B206C926900A1277F /* AvatarCaptureController.swift in Sources */ = {isa = PBXBuildFile; fileRef = 82680F4A206C926900A1277F /* AvatarCaptureController.swift */; };
		8296C6FD207570BD00FEBEDB /* chin.png in Resources */ = {isa = PBXBuildFile; fileRef = 8296C6FB207570BD00FEBEDB /* chin.png */; };
		E7078100C2107BE62B112237 /* Pods_AvatarCapture.framework in Frameworks */ = {isa = PBXBuildFile; fileRef = B8C323117F2E7B629E48CDA4 /* Pods_AvatarCapture.framework */; };
/* End PBXBuildFile section */

/* Begin PBXFileReference section */
		26110AF74EF70126A1BCCADB /* Pods-AvatarCapture.debug.xcconfig */ = {isa = PBXFileReference; includeInIndex = 1; lastKnownFileType = text.xcconfig; name = "Pods-AvatarCapture.debug.xcconfig"; path = "Pods/Target Support Files/Pods-AvatarCapture/Pods-AvatarCapture.debug.xcconfig"; sourceTree = "<group>"; };
		7C6D0ECC02A771FE47E81BD3 /* Pods-AvatarCapture.release.xcconfig */ = {isa = PBXFileReference; includeInIndex = 1; lastKnownFileType = text.xcconfig; name = "Pods-AvatarCapture.release.xcconfig"; path = "Pods/Target Support Files/Pods-AvatarCapture/Pods-AvatarCapture.release.xcconfig"; sourceTree = "<group>"; };
		821BE7D32075766E001A7D7C /* MainViewViewController.swift */ = {isa = PBXFileReference; lastKnownFileType = sourcecode.swift; path = MainViewViewController.swift; sourceTree = "<group>"; };
		82680F35206C91C000A1277F /* AvatarCapture.app */ = {isa = PBXFileReference; explicitFileType = wrapper.application; includeInIndex = 0; path = AvatarCapture.app; sourceTree = BUILT_PRODUCTS_DIR; };
		82680F38206C91C000A1277F /* AppDelegate.swift */ = {isa = PBXFileReference; lastKnownFileType = sourcecode.swift; path = AppDelegate.swift; sourceTree = "<group>"; };
		82680F3D206C91C000A1277F /* Base */ = {isa = PBXFileReference; lastKnownFileType = file.storyboard; name = Base; path = Base.lproj/Main.storyboard; sourceTree = "<group>"; };
		82680F3F206C91C000A1277F /* Assets.xcassets */ = {isa = PBXFileReference; lastKnownFileType = folder.assetcatalog; path = Assets.xcassets; sourceTree = "<group>"; };
		82680F42206C91C000A1277F /* Base */ = {isa = PBXFileReference; lastKnownFileType = file.storyboard; name = Base; path = Base.lproj/LaunchScreen.storyboard; sourceTree = "<group>"; };
		82680F44206C91C000A1277F /* Info.plist */ = {isa = PBXFileReference; lastKnownFileType = text.plist.xml; path = Info.plist; sourceTree = "<group>"; };
		82680F4A206C926900A1277F /* AvatarCaptureController.swift */ = {isa = PBXFileReference; fileEncoding = 4; lastKnownFileType = sourcecode.swift; path = AvatarCaptureController.swift; sourceTree = "<group>"; };
		8296C6FB207570BD00FEBEDB /* chin.png */ = {isa = PBXFileReference; lastKnownFileType = image.png; path = chin.png; sourceTree = "<group>"; };
		B8C323117F2E7B629E48CDA4 /* Pods_AvatarCapture.framework */ = {isa = PBXFileReference; explicitFileType = wrapper.framework; includeInIndex = 0; path = Pods_AvatarCapture.framework; sourceTree = BUILT_PRODUCTS_DIR; };
/* End PBXFileReference section */

/* Begin PBXFrameworksBuildPhase section */
		82680F32206C91C000A1277F /* Frameworks */ = {
			isa = PBXFrameworksBuildPhase;
			buildActionMask = 2147483647;
			files = (
				E7078100C2107BE62B112237 /* Pods_AvatarCapture.framework in Frameworks */,
			);
			runOnlyForDeploymentPostprocessing = 0;
		};
/* End PBXFrameworksBuildPhase section */

/* Begin PBXGroup section */
		82680F2C206C91C000A1277F = {
			isa = PBXGroup;
			children = (
				82680F37206C91C000A1277F /* AvatarCapture */,
				82680F36206C91C000A1277F /* Products */,
				86F8BCAFE0FFE6ACB90A52DA /* Pods */,
				C8E0329552C74A77E1092393 /* Frameworks */,
			);
			sourceTree = "<group>";
		};
		82680F36206C91C000A1277F /* Products */ = {
			isa = PBXGroup;
			children = (
				82680F35206C91C000A1277F /* AvatarCapture.app */,
			);
			name = Products;
			sourceTree = "<group>";
		};
		82680F37206C91C000A1277F /* AvatarCapture */ = {
			isa = PBXGroup;
			children = (
				8296C6FA207570AE00FEBEDB /* Example */,
				82680F4A206C926900A1277F /* AvatarCaptureController.swift */,
				82680F38206C91C000A1277F /* AppDelegate.swift */,
				82680F3C206C91C000A1277F /* Main.storyboard */,
				82680F3F206C91C000A1277F /* Assets.xcassets */,
				82680F41206C91C000A1277F /* LaunchScreen.storyboard */,
				82680F44206C91C000A1277F /* Info.plist */,
				821BE7D32075766E001A7D7C /* MainViewViewController.swift */,
			);
			path = AvatarCapture;
			sourceTree = "<group>";
		};
		8296C6FA207570AE00FEBEDB /* Example */ = {
			isa = PBXGroup;
			children = (
				8296C6FB207570BD00FEBEDB /* chin.png */,
			);
			name = Example;
			path = "New Group";
			sourceTree = "<group>";
		};
		86F8BCAFE0FFE6ACB90A52DA /* Pods */ = {
			isa = PBXGroup;
			children = (
				26110AF74EF70126A1BCCADB /* Pods-AvatarCapture.debug.xcconfig */,
				7C6D0ECC02A771FE47E81BD3 /* Pods-AvatarCapture.release.xcconfig */,
			);
			name = Pods;
			sourceTree = "<group>";
		};
		C8E0329552C74A77E1092393 /* Frameworks */ = {
			isa = PBXGroup;
			children = (
				B8C323117F2E7B629E48CDA4 /* Pods_AvatarCapture.framework */,
			);
			name = Frameworks;
			sourceTree = "<group>";
		};
/* End PBXGroup section */

/* Begin PBXNativeTarget section */
		82680F34206C91C000A1277F /* AvatarCapture */ = {
			isa = PBXNativeTarget;
			buildConfigurationList = 82680F47206C91C000A1277F /* Build configuration list for PBXNativeTarget "AvatarCapture" */;
			buildPhases = (
				5D8528E783586968397D5963 /* [CP] Check Pods Manifest.lock */,
				82680F31206C91C000A1277F /* Sources */,
				82680F32206C91C000A1277F /* Frameworks */,
				82680F33206C91C000A1277F /* Resources */,
				C38F4A179CE837B15CB31BA7 /* [CP] Embed Pods Frameworks */,
				33A8AF73F3E6DB3906CDDB5C /* [CP] Copy Pods Resources */,
			);
			buildRules = (
			);
			dependencies = (
			);
			name = AvatarCapture;
			productName = AvatarCapture;
			productReference = 82680F35206C91C000A1277F /* AvatarCapture.app */;
			productType = "com.apple.product-type.application";
		};
/* End PBXNativeTarget section */

/* Begin PBXProject section */
		82680F2D206C91C000A1277F /* Project object */ = {
			isa = PBXProject;
			attributes = {
				LastSwiftUpdateCheck = 0920;
				LastUpgradeCheck = 0920;
				ORGANIZATIONNAME = "John Murphy";
				TargetAttributes = {
					82680F34206C91C000A1277F = {
						CreatedOnToolsVersion = 9.2;
						ProvisioningStyle = Automatic;
					};
				};
			};
			buildConfigurationList = 82680F30206C91C000A1277F /* Build configuration list for PBXProject "AvatarCapture" */;
			compatibilityVersion = "Xcode 8.0";
			developmentRegion = en;
			hasScannedForEncodings = 0;
			knownRegions = (
				en,
				Base,
			);
			mainGroup = 82680F2C206C91C000A1277F;
			productRefGroup = 82680F36206C91C000A1277F /* Products */;
			projectDirPath = "";
			projectRoot = "";
			targets = (
				82680F34206C91C000A1277F /* AvatarCapture */,
			);
		};
/* End PBXProject section */

/* Begin PBXResourcesBuildPhase section */
		82680F33206C91C000A1277F /* Resources */ = {
			isa = PBXResourcesBuildPhase;
			buildActionMask = 2147483647;
			files = (
				82680F43206C91C000A1277F /* LaunchScreen.storyboard in Resources */,
				8296C6FD207570BD00FEBEDB /* chin.png in Resources */,
				82680F40206C91C000A1277F /* Assets.xcassets in Resources */,
				82680F3E206C91C000A1277F /* Main.storyboard in Resources */,
			);
			runOnlyForDeploymentPostprocessing = 0;
		};
/* End PBXResourcesBuildPhase section */

/* Begin PBXShellScriptBuildPhase section */
		33A8AF73F3E6DB3906CDDB5C /* [CP] Copy Pods Resources */ = {
			isa = PBXShellScriptBuildPhase;
			buildActionMask = 2147483647;
			files = (
			);
			inputPaths = (
			);
			name = "[CP] Copy Pods Resources";
			outputPaths = (
			);
			runOnlyForDeploymentPostprocessing = 0;
			shellPath = /bin/sh;
			shellScript = "\"${SRCROOT}/Pods/Target Support Files/Pods-AvatarCapture/Pods-AvatarCapture-resources.sh\"\n";
			showEnvVarsInLog = 0;
		};
		5D8528E783586968397D5963 /* [CP] Check Pods Manifest.lock */ = {
			isa = PBXShellScriptBuildPhase;
			buildActionMask = 2147483647;
			files = (
			);
			inputPaths = (
				"${PODS_PODFILE_DIR_PATH}/Podfile.lock",
				"${PODS_ROOT}/Manifest.lock",
			);
			name = "[CP] Check Pods Manifest.lock";
			outputPaths = (
				"$(DERIVED_FILE_DIR)/Pods-AvatarCapture-checkManifestLockResult.txt",
			);
			runOnlyForDeploymentPostprocessing = 0;
			shellPath = /bin/sh;
			shellScript = "diff \"${PODS_PODFILE_DIR_PATH}/Podfile.lock\" \"${PODS_ROOT}/Manifest.lock\" > /dev/null\nif [ $? != 0 ] ; then\n    # print error to STDERR\n    echo \"error: The sandbox is not in sync with the Podfile.lock. Run 'pod install' or update your CocoaPods installation.\" >&2\n    exit 1\nfi\n# This output is used by Xcode 'outputs' to avoid re-running this script phase.\necho \"SUCCESS\" > \"${SCRIPT_OUTPUT_FILE_0}\"\n";
			showEnvVarsInLog = 0;
		};
		C38F4A179CE837B15CB31BA7 /* [CP] Embed Pods Frameworks */ = {
			isa = PBXShellScriptBuildPhase;
			buildActionMask = 2147483647;
			files = (
			);
			inputPaths = (
				"${SRCROOT}/Pods/Target Support Files/Pods-AvatarCapture/Pods-AvatarCapture-frameworks.sh",
				"${BUILT_PRODUCTS_DIR}/FontAwesome.swift/FontAwesome_swift.framework",
			);
			name = "[CP] Embed Pods Frameworks";
			outputPaths = (
				"${TARGET_BUILD_DIR}/${FRAMEWORKS_FOLDER_PATH}/FontAwesome_swift.framework",
			);
			runOnlyForDeploymentPostprocessing = 0;
			shellPath = /bin/sh;
			shellScript = "\"${SRCROOT}/Pods/Target Support Files/Pods-AvatarCapture/Pods-AvatarCapture-frameworks.sh\"\n";
			showEnvVarsInLog = 0;
		};
/* End PBXShellScriptBuildPhase section */

/* Begin PBXSourcesBuildPhase section */
		82680F31206C91C000A1277F /* Sources */ = {
			isa = PBXSourcesBuildPhase;
			buildActionMask = 2147483647;
			files = (
				82680F39206C91C000A1277F /* AppDelegate.swift in Sources */,
				821BE7D42075766E001A7D7C /* MainViewViewController.swift in Sources */,
				82680F4B206C926900A1277F /* AvatarCaptureController.swift in Sources */,
			);
			runOnlyForDeploymentPostprocessing = 0;
		};
/* End PBXSourcesBuildPhase section */

/* Begin PBXVariantGroup section */
		82680F3C206C91C000A1277F /* Main.storyboard */ = {
			isa = PBXVariantGroup;
			children = (
				82680F3D206C91C000A1277F /* Base */,
			);
			name = Main.storyboard;
			sourceTree = "<group>";
		};
		82680F41206C91C000A1277F /* LaunchScreen.storyboard */ = {
			isa = PBXVariantGroup;
			children = (
				82680F42206C91C000A1277F /* Base */,
			);
			name = LaunchScreen.storyboard;
			sourceTree = "<group>";
		};
/* End PBXVariantGroup section */

/* Begin XCBuildConfiguration section */
		82680F45206C91C000A1277F /* Debug */ = {
			isa = XCBuildConfiguration;
			buildSettings = {
				ALWAYS_SEARCH_USER_PATHS = NO;
				CLANG_ANALYZER_NONNULL = YES;
				CLANG_ANALYZER_NUMBER_OBJECT_CONVERSION = YES_AGGRESSIVE;
				CLANG_CXX_LANGUAGE_STANDARD = "gnu++14";
				CLANG_CXX_LIBRARY = "libc++";
				CLANG_ENABLE_MODULES = YES;
				CLANG_ENABLE_OBJC_ARC = YES;
				CLANG_WARN_BLOCK_CAPTURE_AUTORELEASING = YES;
				CLANG_WARN_BOOL_CONVERSION = YES;
				CLANG_WARN_COMMA = YES;
				CLANG_WARN_CONSTANT_CONVERSION = YES;
				CLANG_WARN_DIRECT_OBJC_ISA_USAGE = YES_ERROR;
				CLANG_WARN_DOCUMENTATION_COMMENTS = YES;
				CLANG_WARN_EMPTY_BODY = YES;
				CLANG_WARN_ENUM_CONVERSION = YES;
				CLANG_WARN_INFINITE_RECURSION = YES;
				CLANG_WARN_INT_CONVERSION = YES;
				CLANG_WARN_NON_LITERAL_NULL_CONVERSION = YES;
				CLANG_WARN_OBJC_LITERAL_CONVERSION = YES;
				CLANG_WARN_OBJC_ROOT_CLASS = YES_ERROR;
				CLANG_WARN_RANGE_LOOP_ANALYSIS = YES;
				CLANG_WARN_STRICT_PROTOTYPES = YES;
				CLANG_WARN_SUSPICIOUS_MOVE = YES;
				CLANG_WARN_UNGUARDED_AVAILABILITY = YES_AGGRESSIVE;
				CLANG_WARN_UNREACHABLE_CODE = YES;
				CLANG_WARN__DUPLICATE_METHOD_MATCH = YES;
				CODE_SIGN_IDENTITY = "iPhone Developer";
				COPY_PHASE_STRIP = NO;
				DEBUG_INFORMATION_FORMAT = dwarf;
				ENABLE_STRICT_OBJC_MSGSEND = YES;
				ENABLE_TESTABILITY = YES;
				GCC_C_LANGUAGE_STANDARD = gnu11;
				GCC_DYNAMIC_NO_PIC = NO;
				GCC_NO_COMMON_BLOCKS = YES;
				GCC_OPTIMIZATION_LEVEL = 0;
				GCC_PREPROCESSOR_DEFINITIONS = (
					"DEBUG=1",
					"$(inherited)",
				);
				GCC_WARN_64_TO_32_BIT_CONVERSION = YES;
				GCC_WARN_ABOUT_RETURN_TYPE = YES_ERROR;
				GCC_WARN_UNDECLARED_SELECTOR = YES;
				GCC_WARN_UNINITIALIZED_AUTOS = YES_AGGRESSIVE;
				GCC_WARN_UNUSED_FUNCTION = YES;
				GCC_WARN_UNUSED_VARIABLE = YES;
				IPHONEOS_DEPLOYMENT_TARGET = 11.2;
				MTL_ENABLE_DEBUG_INFO = YES;
				ONLY_ACTIVE_ARCH = YES;
				SDKROOT = iphoneos;
				SWIFT_ACTIVE_COMPILATION_CONDITIONS = DEBUG;
				SWIFT_OPTIMIZATION_LEVEL = "-Onone";
			};
			name = Debug;
		};
		82680F46206C91C000A1277F /* Release */ = {
			isa = XCBuildConfiguration;
			buildSettings = {
				ALWAYS_SEARCH_USER_PATHS = NO;
				CLANG_ANALYZER_NONNULL = YES;
				CLANG_ANALYZER_NUMBER_OBJECT_CONVERSION = YES_AGGRESSIVE;
				CLANG_CXX_LANGUAGE_STANDARD = "gnu++14";
				CLANG_CXX_LIBRARY = "libc++";
				CLANG_ENABLE_MODULES = YES;
				CLANG_ENABLE_OBJC_ARC = YES;
				CLANG_WARN_BLOCK_CAPTURE_AUTORELEASING = YES;
				CLANG_WARN_BOOL_CONVERSION = YES;
				CLANG_WARN_COMMA = YES;
				CLANG_WARN_CONSTANT_CONVERSION = YES;
				CLANG_WARN_DIRECT_OBJC_ISA_USAGE = YES_ERROR;
				CLANG_WARN_DOCUMENTATION_COMMENTS = YES;
				CLANG_WARN_EMPTY_BODY = YES;
				CLANG_WARN_ENUM_CONVERSION = YES;
				CLANG_WARN_INFINITE_RECURSION = YES;
				CLANG_WARN_INT_CONVERSION = YES;
				CLANG_WARN_NON_LITERAL_NULL_CONVERSION = YES;
				CLANG_WARN_OBJC_LITERAL_CONVERSION = YES;
				CLANG_WARN_OBJC_ROOT_CLASS = YES_ERROR;
				CLANG_WARN_RANGE_LOOP_ANALYSIS = YES;
				CLANG_WARN_STRICT_PROTOTYPES = YES;
				CLANG_WARN_SUSPICIOUS_MOVE = YES;
				CLANG_WARN_UNGUARDED_AVAILABILITY = YES_AGGRESSIVE;
				CLANG_WARN_UNREACHABLE_CODE = YES;
				CLANG_WARN__DUPLICATE_METHOD_MATCH = YES;
				CODE_SIGN_IDENTITY = "iPhone Developer";
				COPY_PHASE_STRIP = NO;
				DEBUG_INFORMATION_FORMAT = "dwarf-with-dsym";
				ENABLE_NS_ASSERTIONS = NO;
				ENABLE_STRICT_OBJC_MSGSEND = YES;
				GCC_C_LANGUAGE_STANDARD = gnu11;
				GCC_NO_COMMON_BLOCKS = YES;
				GCC_WARN_64_TO_32_BIT_CONVERSION = YES;
				GCC_WARN_ABOUT_RETURN_TYPE = YES_ERROR;
				GCC_WARN_UNDECLARED_SELECTOR = YES;
				GCC_WARN_UNINITIALIZED_AUTOS = YES_AGGRESSIVE;
				GCC_WARN_UNUSED_FUNCTION = YES;
				GCC_WARN_UNUSED_VARIABLE = YES;
				IPHONEOS_DEPLOYMENT_TARGET = 11.2;
				MTL_ENABLE_DEBUG_INFO = NO;
				SDKROOT = iphoneos;
				SWIFT_OPTIMIZATION_LEVEL = "-Owholemodule";
				VALIDATE_PRODUCT = YES;
			};
			name = Release;
		};
		82680F48206C91C000A1277F /* Debug */ = {
			isa = XCBuildConfiguration;
			baseConfigurationReference = 26110AF74EF70126A1BCCADB /* Pods-AvatarCapture.debug.xcconfig */;
			buildSettings = {
				ASSETCATALOG_COMPILER_APPICON_NAME = AppIcon;
				CODE_SIGN_STYLE = Automatic;
				INFOPLIST_FILE = AvatarCapture/Info.plist;
				IPHONEOS_DEPLOYMENT_TARGET = 10.0;
				LD_RUNPATH_SEARCH_PATHS = "$(inherited) @executable_path/Frameworks";
				PRODUCT_BUNDLE_IDENTIFIER = com.gatewayapps.AvatarCapture;
				PRODUCT_NAME = "$(TARGET_NAME)";
				SWIFT_VERSION = 4.0;
				TARGETED_DEVICE_FAMILY = "1,2";
			};
			name = Debug;
		};
		82680F49206C91C000A1277F /* Release */ = {
			isa = XCBuildConfiguration;
			baseConfigurationReference = 7C6D0ECC02A771FE47E81BD3 /* Pods-AvatarCapture.release.xcconfig */;
			buildSettings = {
				ASSETCATALOG_COMPILER_APPICON_NAME = AppIcon;
				CODE_SIGN_STYLE = Automatic;
				INFOPLIST_FILE = AvatarCapture/Info.plist;
				IPHONEOS_DEPLOYMENT_TARGET = 10.0;
				LD_RUNPATH_SEARCH_PATHS = "$(inherited) @executable_path/Frameworks";
				PRODUCT_BUNDLE_IDENTIFIER = com.gatewayapps.AvatarCapture;
				PRODUCT_NAME = "$(TARGET_NAME)";
				SWIFT_VERSION = 4.0;
				TARGETED_DEVICE_FAMILY = "1,2";
			};
			name = Release;
		};
/* End XCBuildConfiguration section */

/* Begin XCConfigurationList section */
		82680F30206C91C000A1277F /* Build configuration list for PBXProject "AvatarCapture" */ = {
			isa = XCConfigurationList;
			buildConfigurations = (
				82680F45206C91C000A1277F /* Debug */,
				82680F46206C91C000A1277F /* Release */,
			);
			defaultConfigurationIsVisible = 0;
			defaultConfigurationName = Release;
		};
		82680F47206C91C000A1277F /* Build configuration list for PBXNativeTarget "AvatarCapture" */ = {
			isa = XCConfigurationList;
			buildConfigurations = (
				82680F48206C91C000A1277F /* Debug */,
				82680F49206C91C000A1277F /* Release */,
			);
			defaultConfigurationIsVisible = 0;
			defaultConfigurationName = Release;
		};
/* End XCConfigurationList section */
	};
	rootObject = 82680F2D206C91C000A1277F /* Project object */;
}
